
Microsoft Visual Studio Solution File, Format Version 12.00
# Visual Studio Version 17
VisualStudioVersion = 17.9.34902.65
MinimumVisualStudioVersion = 10.0.40219.1
Project("{FAE04EC0-301F-11D3-BF4B-00C04F79EFBC}") = "addressbook_tests_white", "addressbook_tests_white.csproj", "{A20A59DF-F040-44C9-8213-BC3C6C85C54D}"
EndProject
Global
	GlobalSection(SolutionConfigurationPlatforms) = preSolution
		Debug|Any CPU = Debug|Any CPU
		Release|Any CPU = Release|Any CPU
	EndGlobalSection
	GlobalSection(ProjectConfigurationPlatforms) = postSolution
		{A20A59DF-F040-44C9-8213-BC3C6C85C54D}.Debug|Any CPU.ActiveCfg = Debug|Any CPU
		{A20A59DF-F040-44C9-8213-BC3C6C85C54D}.Debug|Any CPU.Build.0 = Debug|Any CPU
		{A20A59DF-F040-44C9-8213-BC3C6C85C54D}.Release|Any CPU.ActiveCfg = Release|Any CPU
		{A20A59DF-F040-44C9-8213-BC3C6C85C54D}.Release|Any CPU.Build.0 = Release|Any CPU
	EndGlobalSection
	GlobalSection(SolutionProperties) = preSolution
		HideSolutionNode = FALSE
	EndGlobalSection
	GlobalSection(ExtensibilityGlobals) = postSolution
		SolutionGuid = {BC071CEB-9F77-4153-8C22-57652A3F4EE8}
	EndGlobalSection
EndGlobal
